
Microsoft Visual Studio Solution File, Format Version 12.00
# Visual Studio 15
VisualStudioVersion = 15.0.28010.2046
MinimumVisualStudioVersion = 10.0.40219.1
Project("{FAE04EC0-301F-11D3-BF4B-00C04F79EFBC}") = "VideoJuego", "VideoJuego\VideoJuego.csproj", "{EA5D1AAF-24F6-43A9-BB53-017A96312D09}"
EndProject
Global
	GlobalSection(SolutionConfigurationPlatforms) = preSolution
		Debug|Any CPU = Debug|Any CPU
		Release|Any CPU = Release|Any CPU
	EndGlobalSection
	GlobalSection(ProjectConfigurationPlatforms) = postSolution
		{EA5D1AAF-24F6-43A9-BB53-017A96312D09}.Debug|Any CPU.ActiveCfg = Debug|Any CPU
		{EA5D1AAF-24F6-43A9-BB53-017A96312D09}.Debug|Any CPU.Build.0 = Debug|Any CPU
		{EA5D1AAF-24F6-43A9-BB53-017A96312D09}.Release|Any CPU.ActiveCfg = Release|Any CPU
		{EA5D1AAF-24F6-43A9-BB53-017A96312D09}.Release|Any CPU.Build.0 = Release|Any CPU
	EndGlobalSection
	GlobalSection(SolutionProperties) = preSolution
		HideSolutionNode = FALSE
	EndGlobalSection
	GlobalSection(ExtensibilityGlobals) = postSolution
		SolutionGuid = {E1EB860B-50F7-4CC4-9CCD-BD0A8A99B0B4}
	EndGlobalSection
EndGlobal
